<?xml version="1.0" encoding="utf-8"?>
<Project ToolsVersion="4.0" xmlns="http://schemas.microsoft.com/developer/msbuild/2003">
  <ItemGroup>
    <Filter Include="Source Files">
      <UniqueIdentifier>{4FC737F1-C7A5-4376-A066-2A32D752A2FF}</UniqueIdentifier>
      <Extensions>cpp;c;cc;cxx;def;odl;idl;hpj;bat;asm;asmx</Extensions>
    </Filter>
    <Filter Include="Header Files">
      <UniqueIdentifier>{93995380-89BD-4b04-88EB-625FBE52EBFB}</UniqueIdentifier>
      <Extensions>h;hh;hpp;hxx;hm;inl;inc;ipp;xsd</Extensions>
    </Filter>
    <Filter Include="Resource Files">
      <UniqueIdentifier>{67DA6AB6-F800-4c08-8B7A-83BB121AAD01}</UniqueIdentifier>
      <Extensions>rc;ico;cur;bmp;dlg;rc2;rct;bin;rgs;gif;jpg;jpeg;jpe;resx;tiff;tif;png;wav;mfcribbon-ms</Extensions>
    </Filter>
  </ItemGroup>
  <ItemGroup>
    <ClInclude Include="src\Includes\audio.h">
      <Filter>Header Files</Filter>
    </ClInclude>
    <ClInclude Include="src\Includes\cat.h">
      <Filter>Header Files</Filter>
    </ClInclude>
    <ClInclude Include="src\Includes\extern.h">
      <Filter>Header Files</Filter>
    </ClInclude>
    <ClInclude Include="src\Includes\filters.h">
      <Filter>Header Files</Filter>
    </ClInclude>
    <ClInclude Include="src\Includes\hamlib_client.h">
      <Filter>Header Files</Filter>
    </ClInclude>
    <ClInclude Include="src\Includes\includes.h">
      <Filter>Header Files</Filter>
    </ClInclude>
    <ClInclude Include="src\Includes\layout_manager.h">
      <Filter>Header Files</Filter>
    </ClInclude>
    <ClInclude Include="src\Includes\main_window.h">
      <Filter>Header Files</Filter>
    </ClInclude>
    <ClInclude Include="src\Includes\modes.h">
      <Filter>Header Files</Filter>
    </ClInclude>
    <ClInclude Include="src\Includes\prefs.h">
      <Filter>Header Files</Filter>
    </ClInclude>
    <ClInclude Include="src\Includes\radio_interface.h">
      <Filter>Header Files</Filter>
    </ClInclude>
    <ClInclude Include="src\Includes\running_state.h">
      <Filter>Header Files</Filter>
    </ClInclude>
    <ClInclude Include="src\Includes\rx_window.h">
      <Filter>Header Files</Filter>
    </ClInclude>
    <ClInclude Include="src\Includes\tx_window.h">
      <Filter>Header Files</Filter>
    </ClInclude>
    <ClInclude Include="src\Includes\vfo.h">
      <Filter>Header Files</Filter>
    </ClInclude>
    <ClInclude Include="src\SerialDriver\serial.h">
      <Filter>Source Files</Filter>
    </ClInclude>
    <ClInclude Include="src\SerialDriver\v8stdint.h">
      <Filter>Source Files</Filter>
    </ClInclude>
    <ClInclude Include="src\SerialDriver\win.h">
      <Filter>Source Files</Filter>
    </ClInclude>
    <ClInclude Include="src\Includes\toggle.h">
      <Filter>Header Files</Filter>
    </ClInclude>
    <ClInclude Include="src\Includes\button.h">
      <Filter>Header Files</Filter>
    </ClInclude>
  </ItemGroup>
  <ItemGroup>
    <ClCompile Include="src\CAT\cat.cpp">
      <Filter>Source Files</Filter>
    </ClCompile>
    <ClCompile Include="src\Common\running_state.cpp">
      <Filter>Source Files</Filter>
    </ClCompile>
    <ClCompile Include="src\Hamlib\hamlib.cpp">
      <Filter>Source Files</Filter>
    </ClCompile>
    <ClCompile Include="src\Hamlib\hamlib_client.cpp">
      <Filter>Source Files</Filter>
    </ClCompile>
    <ClCompile Include="src\Main\Main.cpp">
      <Filter>Source Files</Filter>
    </ClCompile>
    <ClCompile Include="src\Preferences\prefs.cpp">
      <Filter>Source Files</Filter>
    </ClCompile>
    <ClCompile Include="src\RadioInterface\radio_interface.cpp">
      <Filter>Source Files</Filter>
    </ClCompile>
    <ClCompile Include="src\SerialDriver\list_ports_win.cc">
      <Filter>Source Files</Filter>
    </ClCompile>
    <ClCompile Include="src\SerialDriver\serial.cc">
      <Filter>Source Files</Filter>
    </ClCompile>
    <ClCompile Include="src\SerialDriver\win.cc">
      <Filter>Source Files</Filter>
    </ClCompile>
    <ClCompile Include="src\Ui\Components\audio.cpp">
      <Filter>Source Files</Filter>
    </ClCompile>
    <ClCompile Include="src\Ui\Components\filters.cpp">
      <Filter>Source Files</Filter>
    </ClCompile>
    <ClCompile Include="src\Ui\Components\modes.cpp">
      <Filter>Source Files</Filter>
    </ClCompile>
    <ClCompile Include="src\Ui\Components\vfo.cpp">
      <Filter>Source Files</Filter>
    </ClCompile>
    <ClCompile Include="src\Ui\LayoutManager\layout_manager.cpp">
      <Filter>Source Files</Filter>
    </ClCompile>
    <ClCompile Include="src\Ui\Windows\main_window.cpp">
      <Filter>Source Files</Filter>
    </ClCompile>
    <ClCompile Include="src\Ui\Windows\rx_window.cpp">
      <Filter>Source Files</Filter>
    </ClCompile>
    <ClCompile Include="src\Ui\Windows\tx_window.cpp">
      <Filter>Source Files</Filter>
    </ClCompile>
    <ClCompile Include="src\Ui\Components\toggle.cpp">
      <Filter>Source Files</Filter>
    </ClCompile>
    <ClCompile Include="src\Ui\Components\button.cpp">
      <Filter>Source Files</Filter>
    </ClCompile>
  </ItemGroup>
</Project>